
Microsoft Visual Studio Solution File, Format Version 12.00
# Visual Studio Version 17
VisualStudioVersion = 17.10.35004.147
MinimumVisualStudioVersion = 10.0.40219.1
Project("{9A19103F-16F7-4668-BE54-9A1E7A4F7556}") = "cezarCode", "cezarCode.csproj", "{7A01C85E-B358-42D4-8513-62F278BC0B85}"
EndProject
Project("{FAE04EC0-301F-11D3-BF4B-00C04F79EFBC}") = "CesarUnitTest", "..\CesarUnitTest\CesarUnitTest.csproj", "{1B1C70DB-20E0-423A-BA4E-9EC5B6FA1838}"
EndProject
Global
	GlobalSection(SolutionConfigurationPlatforms) = preSolution
		Debug|Any CPU = Debug|Any CPU
		Release|Any CPU = Release|Any CPU
	EndGlobalSection
	GlobalSection(ProjectConfigurationPlatforms) = postSolution
		{7A01C85E-B358-42D4-8513-62F278BC0B85}.Debug|Any CPU.ActiveCfg = Debug|Any CPU
		{7A01C85E-B358-42D4-8513-62F278BC0B85}.Debug|Any CPU.Build.0 = Debug|Any CPU
		{7A01C85E-B358-42D4-8513-62F278BC0B85}.Release|Any CPU.ActiveCfg = Release|Any CPU
		{7A01C85E-B358-42D4-8513-62F278BC0B85}.Release|Any CPU.Build.0 = Release|Any CPU
		{1B1C70DB-20E0-423A-BA4E-9EC5B6FA1838}.Debug|Any CPU.ActiveCfg = Debug|Any CPU
		{1B1C70DB-20E0-423A-BA4E-9EC5B6FA1838}.Debug|Any CPU.Build.0 = Debug|Any CPU
		{1B1C70DB-20E0-423A-BA4E-9EC5B6FA1838}.Release|Any CPU.ActiveCfg = Release|Any CPU
		{1B1C70DB-20E0-423A-BA4E-9EC5B6FA1838}.Release|Any CPU.Build.0 = Release|Any CPU
	EndGlobalSection
	GlobalSection(SolutionProperties) = preSolution
		HideSolutionNode = FALSE
	EndGlobalSection
	GlobalSection(ExtensibilityGlobals) = postSolution
		SolutionGuid = {4A4FED0F-73BA-4F91-A367-99650BFB1636}
	EndGlobalSection
EndGlobal
