
Microsoft Visual Studio Solution File, Format Version 12.00
# Visual Studio Version 17
VisualStudioVersion = 17.10.35004.147
MinimumVisualStudioVersion = 10.0.40219.1
Project("{FAE04EC0-301F-11D3-BF4B-00C04F79EFBC}") = "api tests", "api tests.csproj", "{4FCBCBD7-290F-4A08-9783-586BEB8307F5}"
EndProject
Global
	GlobalSection(SolutionConfigurationPlatforms) = preSolution
		Debug|Any CPU = Debug|Any CPU
		Release|Any CPU = Release|Any CPU
	EndGlobalSection
	GlobalSection(ProjectConfigurationPlatforms) = postSolution
		{4FCBCBD7-290F-4A08-9783-586BEB8307F5}.Debug|Any CPU.ActiveCfg = Debug|Any CPU
		{4FCBCBD7-290F-4A08-9783-586BEB8307F5}.Debug|Any CPU.Build.0 = Debug|Any CPU
		{4FCBCBD7-290F-4A08-9783-586BEB8307F5}.Release|Any CPU.ActiveCfg = Release|Any CPU
		{4FCBCBD7-290F-4A08-9783-586BEB8307F5}.Release|Any CPU.Build.0 = Release|Any CPU
	EndGlobalSection
	GlobalSection(SolutionProperties) = preSolution
		HideSolutionNode = FALSE
	EndGlobalSection
	GlobalSection(ExtensibilityGlobals) = postSolution
		SolutionGuid = {D720E900-2C73-4FF2-B3DB-B834FD95BB56}
	EndGlobalSection
EndGlobal
