
Microsoft Visual Studio Solution File, Format Version 12.00
# Visual Studio Version 17
VisualStudioVersion = 17.10.35004.147
MinimumVisualStudioVersion = 10.0.40219.1
Project("{FAE04EC0-301F-11D3-BF4B-00C04F79EFBC}") = "Konsolowa", "Konsolowa.csproj", "{B63D53CB-9855-4EDC-B1C4-9A09C15AA227}"
EndProject
Global
	GlobalSection(SolutionConfigurationPlatforms) = preSolution
		Debug|Any CPU = Debug|Any CPU
		Release|Any CPU = Release|Any CPU
	EndGlobalSection
	GlobalSection(ProjectConfigurationPlatforms) = postSolution
		{B63D53CB-9855-4EDC-B1C4-9A09C15AA227}.Debug|Any CPU.ActiveCfg = Debug|Any CPU
		{B63D53CB-9855-4EDC-B1C4-9A09C15AA227}.Debug|Any CPU.Build.0 = Debug|Any CPU
		{B63D53CB-9855-4EDC-B1C4-9A09C15AA227}.Release|Any CPU.ActiveCfg = Release|Any CPU
		{B63D53CB-9855-4EDC-B1C4-9A09C15AA227}.Release|Any CPU.Build.0 = Release|Any CPU
	EndGlobalSection
	GlobalSection(SolutionProperties) = preSolution
		HideSolutionNode = FALSE
	EndGlobalSection
	GlobalSection(ExtensibilityGlobals) = postSolution
		SolutionGuid = {6CA16FDA-9F45-490C-B0D9-F21CB33F99A4}
	EndGlobalSection
EndGlobal
